
Microsoft Visual Studio Solution File, Format Version 12.00
# Visual Studio 15
VisualStudioVersion = 15.0.28307.705
MinimumVisualStudioVersion = 10.0.40219.1
Project("{FAE04EC0-301F-11D3-BF4B-00C04F79EFBC}") = "mailmerge", "mailmerge\mailmerge.csproj", "{BBE0A0F3-C353-4AB4-A41D-F2CBE0F66D82}"
EndProject
Global
	GlobalSection(SolutionConfigurationPlatforms) = preSolution
		Debug|Any CPU = Debug|Any CPU
		Release|Any CPU = Release|Any CPU
	EndGlobalSection
	GlobalSection(ProjectConfigurationPlatforms) = postSolution
		{BBE0A0F3-C353-4AB4-A41D-F2CBE0F66D82}.Debug|Any CPU.ActiveCfg = Debug|Any CPU
		{BBE0A0F3-C353-4AB4-A41D-F2CBE0F66D82}.Debug|Any CPU.Build.0 = Debug|Any CPU
		{BBE0A0F3-C353-4AB4-A41D-F2CBE0F66D82}.Release|Any CPU.ActiveCfg = Release|Any CPU
		{BBE0A0F3-C353-4AB4-A41D-F2CBE0F66D82}.Release|Any CPU.Build.0 = Release|Any CPU
	EndGlobalSection
	GlobalSection(SolutionProperties) = preSolution
		HideSolutionNode = FALSE
	EndGlobalSection
	GlobalSection(ExtensibilityGlobals) = postSolution
		SolutionGuid = {793B1675-4E60-4528-B5BE-CAF29E09942E}
	EndGlobalSection
EndGlobal
